
Microsoft Visual Studio Solution File, Format Version 12.00
# Visual Studio Version 17
VisualStudioVersion = 17.3.32929.385
MinimumVisualStudioVersion = 10.0.40219.1
Project("{FAE04EC0-301F-11D3-BF4B-00C04F79EFBC}") = "PokerHand", "PokerHand\PokerHand.csproj", "{15CC5C87-2F95-4F33-9E7B-5FA6D8428304}"
EndProject
Project("{FAE04EC0-301F-11D3-BF4B-00C04F79EFBC}") = "PokerHandTests", "PokerHandTests\PokerHandTests.csproj", "{57039037-83E7-42DB-8487-2B9F5340A536}"
EndProject
Global
	GlobalSection(SolutionConfigurationPlatforms) = preSolution
		Debug|Any CPU = Debug|Any CPU
		Release|Any CPU = Release|Any CPU
	EndGlobalSection
	GlobalSection(ProjectConfigurationPlatforms) = postSolution
		{15CC5C87-2F95-4F33-9E7B-5FA6D8428304}.Debug|Any CPU.ActiveCfg = Debug|Any CPU
		{15CC5C87-2F95-4F33-9E7B-5FA6D8428304}.Debug|Any CPU.Build.0 = Debug|Any CPU
		{15CC5C87-2F95-4F33-9E7B-5FA6D8428304}.Release|Any CPU.ActiveCfg = Release|Any CPU
		{15CC5C87-2F95-4F33-9E7B-5FA6D8428304}.Release|Any CPU.Build.0 = Release|Any CPU
		{57039037-83E7-42DB-8487-2B9F5340A536}.Debug|Any CPU.ActiveCfg = Debug|Any CPU
		{57039037-83E7-42DB-8487-2B9F5340A536}.Debug|Any CPU.Build.0 = Debug|Any CPU
		{57039037-83E7-42DB-8487-2B9F5340A536}.Release|Any CPU.ActiveCfg = Release|Any CPU
		{57039037-83E7-42DB-8487-2B9F5340A536}.Release|Any CPU.Build.0 = Release|Any CPU
	EndGlobalSection
	GlobalSection(SolutionProperties) = preSolution
		HideSolutionNode = FALSE
	EndGlobalSection
	GlobalSection(ExtensibilityGlobals) = postSolution
		SolutionGuid = {7A6F82EF-2588-4B98-A23F-DA542484F35B}
	EndGlobalSection
EndGlobal
